// !$*UTF8*$!
{
	archiveVersion = 1;
	classes = {
	};
	objectVersion = 46;
	objects = {

/* Begin PBXBuildFile section */
		AD1866C8164BE99800C11886 /* Foundation.framework in Frameworks */ = {isa = PBXBuildFile; fileRef = AD1866C7164BE99800C11886 /* Foundation.framework */; };
		AD1866CB164BE99800C11886 /* main.m in Sources */ = {isa = PBXBuildFile; fileRef = AD1866CA164BE99800C11886 /* main.m */; };
		AD1866CF164BE99800C11886 /* cmd.1 in CopyFiles */ = {isa = PBXBuildFile; fileRef = AD1866CE164BE99800C11886 /* cmd.1 */; };
/* End PBXBuildFile section */

/* Begin PBXCopyFilesBuildPhase section */
		AD1866C1164BE99800C11886 /* CopyFiles */ = {
			isa = PBXCopyFilesBuildPhase;
			buildActionMask = 2147483647;
			dstPath = /usr/share/man/man1/;
			dstSubfolderSpec = 0;
			files = (
				AD1866CF164BE99800C11886 /* cmd.1 in CopyFiles */,
			);
			runOnlyForDeploymentPostprocessing = 1;
		};
/* End PBXCopyFilesBuildPhase section */

/* Begin PBXFileReference section */
		AD1866C3164BE99800C11886 /* cmd */ = {isa = PBXFileReference; explicitFileType = "compiled.mach-o.executable"; includeInIndex = 0; path = cmd; sourceTree = BUILT_PRODUCTS_DIR; };
		AD1866C7164BE99800C11886 /* Foundation.framework */ = {isa = PBXFileReference; lastKnownFileType = wrapper.framework; name = Foundation.framework; path = System/Library/Frameworks/Foundation.framework; sourceTree = SDKROOT; };
		AD1866CA164BE99800C11886 /* main.m */ = {isa = PBXFileReference; lastKnownFileType = sourcecode.c.objc; path = main.m; sourceTree = "<group>"; };
		AD1866CD164BE99800C11886 /* cmd-Prefix.pch */ = {isa = PBXFileReference; lastKnownFileType = sourcecode.c.h; path = "cmd-Prefix.pch"; sourceTree = "<group>"; };
		AD1866CE164BE99800C11886 /* cmd.1 */ = {isa = PBXFileReference; lastKnownFileType = text.man; path = cmd.1; sourceTree = "<group>"; };
/* End PBXFileReference section */

/* Begin PBXFrameworksBuildPhase section */
		AD1866C0164BE99800C11886 /* Frameworks */ = {
			isa = PBXFrameworksBuildPhase;
			buildActionMask = 2147483647;
			files = (
				AD1866C8164BE99800C11886 /* Foundation.framework in Frameworks */,
			);
			runOnlyForDeploymentPostprocessing = 0;
		};
/* End PBXFrameworksBuildPhase section */

/* Begin PBXGroup section */
		AD1866B8164BE99800C11886 = {
			isa = PBXGroup;
			children = (
				AD1866C9164BE99800C11886 /* cmd */,
				AD1866C6164BE99800C11886 /* Frameworks */,
				AD1866C4164BE99800C11886 /* Products */,
			);
			sourceTree = "<group>";
		};
		AD1866C4164BE99800C11886 /* Products */ = {
			isa = PBXGroup;
			children = (
				AD1866C3164BE99800C11886 /* cmd */,
			);
			name = Products;
			sourceTree = "<group>";
		};
		AD1866C6164BE99800C11886 /* Frameworks */ = {
			isa = PBXGroup;
			children = (
				AD1866C7164BE99800C11886 /* Foundation.framework */,
			);
			name = Frameworks;
			sourceTree = "<group>";
		};
		AD1866C9164BE99800C11886 /* cmd */ = {
			isa = PBXGroup;
			children = (
				AD1866CA164BE99800C11886 /* main.m */,
				AD1866CE164BE99800C11886 /* cmd.1 */,
				AD1866CC164BE99800C11886 /* Supporting Files */,
			);
			path = cmd;
			sourceTree = "<group>";
		};
		AD1866CC164BE99800C11886 /* Supporting Files */ = {
			isa = PBXGroup;
			children = (
				AD1866CD164BE99800C11886 /* cmd-Prefix.pch */,
			);
			name = "Supporting Files";
			sourceTree = "<group>";
		};
/* End PBXGroup section */

/* Begin PBXNativeTarget section */
		AD1866C2164BE99800C11886 /* cmd */ = {
			isa = PBXNativeTarget;
			buildConfigurationList = AD1866D2164BE99800C11886 /* Build configuration list for PBXNativeTarget "cmd" */;
			buildPhases = (
				AD1866BF164BE99800C11886 /* Sources */,
				AD1866C0164BE99800C11886 /* Frameworks */,
				AD1866C1164BE99800C11886 /* CopyFiles */,
			);
			buildRules = (
			);
			dependencies = (
			);
			name = cmd;
			productName = cmd;
			productReference = AD1866C3164BE99800C11886 /* cmd */;
			productType = "com.apple.product-type.tool";
		};
/* End PBXNativeTarget section */

/* Begin PBXProject section */
		AD1866BA164BE99800C11886 /* Project object */ = {
			isa = PBXProject;
			attributes = {
				LastUpgradeCheck = 0420;
			};
			buildConfigurationList = AD1866BD164BE99800C11886 /* Build configuration list for PBXProject "cmd" */;
			compatibilityVersion = "Xcode 3.2";
			developmentRegion = English;
			hasScannedForEncodings = 0;
			knownRegions = (
				en,
			);
			mainGroup = AD1866B8164BE99800C11886;
			productRefGroup = AD1866C4164BE99800C11886 /* Products */;
			projectDirPath = "";
			projectRoot = "";
			targets = (
				AD1866C2164BE99800C11886 /* cmd */,
			);
		};
/* End PBXProject section */

/* Begin PBXSourcesBuildPhase section */
		AD1866BF164BE99800C11886 /* Sources */ = {
			isa = PBXSourcesBuildPhase;
			buildActionMask = 2147483647;
			files = (
				AD1866CB164BE99800C11886 /* main.m in Sources */,
			);
			runOnlyForDeploymentPostprocessing = 0;
		};
/* End PBXSourcesBuildPhase section */

/* Begin XCBuildConfiguration section */
		AD1866D0164BE99800C11886 /* Debug */ = {
			isa = XCBuildConfiguration;
			buildSettings = {
				ALWAYS_SEARCH_USER_PATHS = NO;
				ARCHS = "$(ARCHS_STANDARD_64_BIT)";
				CLANG_ENABLE_OBJC_ARC = YES;
				COPY_PHASE_STRIP = NO;
				GCC_C_LANGUAGE_STANDARD = gnu99;
				GCC_DYNAMIC_NO_PIC = NO;
				GCC_ENABLE_OBJC_EXCEPTIONS = YES;
				GCC_OPTIMIZATION_LEVEL = 0;
				GCC_PREPROCESSOR_DEFINITIONS = (
					"DEBUG=1",
					"$(inherited)",
				);
				GCC_SYMBOLS_PRIVATE_EXTERN = NO;
				GCC_VERSION = com.apple.compilers.llvm.clang.1_0;
				GCC_WARN_64_TO_32_BIT_CONVERSION = YES;
				GCC_WARN_ABOUT_MISSING_PROTOTYPES = YES;
				GCC_WARN_ABOUT_RETURN_TYPE = YES;
				GCC_WARN_UNUSED_VARIABLE = YES;
				MACOSX_DEPLOYMENT_TARGET = 10.7;
				ONLY_ACTIVE_ARCH = YES;
				SDKROOT = macosx;
			};
			name = Debug;
		};
		AD1866D1164BE99800C11886 /* Release */ = {
			isa = XCBuildConfiguration;
			buildSettings = {
				ALWAYS_SEARCH_USER_PATHS = NO;
				ARCHS = "$(ARCHS_STANDARD_64_BIT)";
				CLANG_ENABLE_OBJC_ARC = YES;
				COPY_PHASE_STRIP = YES;
				DEBUG_INFORMATION_FORMAT = "dwarf-with-dsym";
				GCC_C_LANGUAGE_STANDARD = gnu99;
				GCC_ENABLE_OBJC_EXCEPTIONS = YES;
				GCC_VERSION = com.apple.compilers.llvm.clang.1_0;
				GCC_WARN_64_TO_32_BIT_CONVERSION = YES;
				GCC_WARN_ABOUT_MISSING_PROTOTYPES = YES;
				GCC_WARN_ABOUT_RETURN_TYPE = YES;
				GCC_WARN_UNUSED_VARIABLE = YES;
				MACOSX_DEPLOYMENT_TARGET = 10.7;
				SDKROOT = macosx;
			};
			name = Release;
		};
		AD1866D3164BE99800C11886 /* Debug */ = {
			isa = XCBuildConfiguration;
			buildSettings = {
				GCC_PRECOMPILE_PREFIX_HEADER = YES;
				GCC_PREFIX_HEADER = "cmd/cmd-Prefix.pch";
				PRODUCT_NAME = "$(TARGET_NAME)";
			};
			name = Debug;
		};
		AD1866D4164BE99800C11886 /* Release */ = {
			isa = XCBuildConfiguration;
			buildSettings = {
				GCC_PRECOMPILE_PREFIX_HEADER = YES;
				GCC_PREFIX_HEADER = "cmd/cmd-Prefix.pch";
				PRODUCT_NAME = "$(TARGET_NAME)";
			};
			name = Release;
		};
/* End XCBuildConfiguration section */

/* Begin XCConfigurationList section */
		AD1866BD164BE99800C11886 /* Build configuration list for PBXProject "cmd" */ = {
			isa = XCConfigurationList;
			buildConfigurations = (
				AD1866D0164BE99800C11886 /* Debug */,
				AD1866D1164BE99800C11886 /* Release */,
			);
			defaultConfigurationIsVisible = 0;
			defaultConfigurationName = Release;
		};
		AD1866D2164BE99800C11886 /* Build configuration list for PBXNativeTarget "cmd" */ = {
			isa = XCConfigurationList;
			buildConfigurations = (
				AD1866D3164BE99800C11886 /* Debug */,
				AD1866D4164BE99800C11886 /* Release */,
			);
			defaultConfigurationIsVisible = 0;
		};
/* End XCConfigurationList section */
	};
	rootObject = AD1866BA164BE99800C11886 /* Project object */;
}
